# This file is automatically @generated by Cargo.
# It is not intended for manual editing.
version = 4

[[package]]
name = "print-own-version"
version = "0.0.3"
source = "registry+https://github.com/rust-lang/crates.io-index"
checksum = "15abd03f910279c702e43a9bcadcdcef54e289deb68a0a9d2b7c1cccdf51aa23"

[[package]]
name = "test-auto-merge-dependabot-prs-preview"
version = "0.1.0"
dependencies = [
 "print-own-version",
]
