# This file is automatically @generated by Cargo.
# It is not intended for manual editing.
version = 4

[[package]]
name = "print-own-version"
version = "0.0.2"
source = "registry+https://github.com/rust-lang/crates.io-index"
checksum = "12b9f8483a4d6924d2bf1b19bea1c184091e0fb919e9bf7aaffbbaae0387df6e"

[[package]]
name = "test-auto-merge-dependabot-prs-preview"
version = "0.1.0"
dependencies = [
 "print-own-version",
]
